
Microsoft Visual Studio Solution File, Format Version 12.00
# Visual Studio Version 17
VisualStudioVersion = 17.5.002.0
MinimumVisualStudioVersion = 10.0.40219.1
Project("{9A19103F-16F7-4668-BE54-9A1E7A4F7556}") = "divideaiApi", "divideaiApi.csproj", "{F13D905E-3122-404A-9932-B5C6C2D76DCB}"
EndProject
Global
	GlobalSection(SolutionConfigurationPlatforms) = preSolution
		Debug|Any CPU = Debug|Any CPU
		Release|Any CPU = Release|Any CPU
	EndGlobalSection
	GlobalSection(ProjectConfigurationPlatforms) = postSolution
		{F13D905E-3122-404A-9932-B5C6C2D76DCB}.Debug|Any CPU.ActiveCfg = Debug|Any CPU
		{F13D905E-3122-404A-9932-B5C6C2D76DCB}.Debug|Any CPU.Build.0 = Debug|Any CPU
		{F13D905E-3122-404A-9932-B5C6C2D76DCB}.Release|Any CPU.ActiveCfg = Release|Any CPU
		{F13D905E-3122-404A-9932-B5C6C2D76DCB}.Release|Any CPU.Build.0 = Release|Any CPU
	EndGlobalSection
	GlobalSection(SolutionProperties) = preSolution
		HideSolutionNode = FALSE
	EndGlobalSection
	GlobalSection(ExtensibilityGlobals) = postSolution
		SolutionGuid = {ADCF468C-632F-49A3-81EA-8D9A7EB5DC60}
	EndGlobalSection
EndGlobal
